// !$*UTF8*$!
{
	archiveVersion = 1;
	classes = {
	};
	objectVersion = 55;
	objects = {

/* Begin PBXBuildFile section */
		8B4B9C942742763900491783 /* CLLocation+Mocks.swift in Sources */ = {isa = PBXBuildFile; fileRef = 8B4B9C932742763900491783 /* CLLocation+Mocks.swift */; };
		8B4B9C962742D8BF00491783 /* FourSquareClientTests.swift in Sources */ = {isa = PBXBuildFile; fileRef = 8B4B9C952742D8BF00491783 /* FourSquareClientTests.swift */; };
		8B4B9C982742D94C00491783 /* Resources in Resources */ = {isa = PBXBuildFile; fileRef = 8B4B9C972742D94C00491783 /* Resources */; };
		8B4B9C9A2742DF9D00491783 /* MockURLProtocol.swift in Sources */ = {isa = PBXBuildFile; fileRef = 8B4B9C992742DF9D00491783 /* MockURLProtocol.swift */; };
		8B5CB2ED274166A700E399BD /* SnapshotTesting in Frameworks */ = {isa = PBXBuildFile; productRef = 8B5CB2EC274166A700E399BD /* SnapshotTesting */; };
		8B9F8BA2272D3FB80059BA16 /* ComposableArchitecture in Frameworks */ = {isa = PBXBuildFile; productRef = 8B9F8BA1272D3FB80059BA16 /* ComposableArchitecture */; };
		8B9F8BA4272D3FCD0059BA16 /* README.md in Resources */ = {isa = PBXBuildFile; fileRef = 8B9F8BA3272D3FCD0059BA16 /* README.md */; };
		8B9F8BA6272D40C00059BA16 /* FourSquareClient.swift in Sources */ = {isa = PBXBuildFile; fileRef = 8B9F8BA5272D40C00059BA16 /* FourSquareClient.swift */; };
		8B9F8BA8272D42C50059BA16 /* Constants.swift in Sources */ = {isa = PBXBuildFile; fileRef = 8B9F8BA7272D42C50059BA16 /* Constants.swift */; };
		8B9F8BAA272E9A240059BA16 /* LocationClient.swift in Sources */ = {isa = PBXBuildFile; fileRef = 8B9F8BA9272E9A240059BA16 /* LocationClient.swift */; };
		8BBF2D0B272D3C7900F6BDA6 /* CoffeeFinderApp.swift in Sources */ = {isa = PBXBuildFile; fileRef = 8BBF2D0A272D3C7900F6BDA6 /* CoffeeFinderApp.swift */; };
		8BBF2D0D272D3C7900F6BDA6 /* CoffeeFinderView.swift in Sources */ = {isa = PBXBuildFile; fileRef = 8BBF2D0C272D3C7900F6BDA6 /* CoffeeFinderView.swift */; };
		8BBF2D0F272D3C7A00F6BDA6 /* Assets.xcassets in Resources */ = {isa = PBXBuildFile; fileRef = 8BBF2D0E272D3C7A00F6BDA6 /* Assets.xcassets */; };
		8BBF2D12272D3C7A00F6BDA6 /* Preview Assets.xcassets in Resources */ = {isa = PBXBuildFile; fileRef = 8BBF2D11272D3C7A00F6BDA6 /* Preview Assets.xcassets */; };
		8BBF2D1C272D3C7A00F6BDA6 /* CoffeeFinderSnapshotTests.swift in Sources */ = {isa = PBXBuildFile; fileRef = 8BBF2D1B272D3C7A00F6BDA6 /* CoffeeFinderSnapshotTests.swift */; };
		8BCC20AA274267DC009AC52E /* CoffeeFinderTests.swift in Sources */ = {isa = PBXBuildFile; fileRef = 8BCC20A9274267DC009AC52E /* CoffeeFinderTests.swift */; };
/* End PBXBuildFile section */

/* Begin PBXContainerItemProxy section */
		8BBF2D18272D3C7A00F6BDA6 /* PBXContainerItemProxy */ = {
			isa = PBXContainerItemProxy;
			containerPortal = 8BBF2CFF272D3C7900F6BDA6 /* Project object */;
			proxyType = 1;
			remoteGlobalIDString = 8BBF2D06272D3C7900F6BDA6;
			remoteInfo = CoffeFinder;
		};
/* End PBXContainerItemProxy section */

/* Begin PBXFileReference section */
		8B4B9C932742763900491783 /* CLLocation+Mocks.swift */ = {isa = PBXFileReference; lastKnownFileType = sourcecode.swift; path = "CLLocation+Mocks.swift"; sourceTree = "<group>"; };
		8B4B9C952742D8BF00491783 /* FourSquareClientTests.swift */ = {isa = PBXFileReference; lastKnownFileType = sourcecode.swift; path = FourSquareClientTests.swift; sourceTree = "<group>"; };
		8B4B9C972742D94C00491783 /* Resources */ = {isa = PBXFileReference; lastKnownFileType = folder; path = Resources; sourceTree = "<group>"; };
		8B4B9C992742DF9D00491783 /* MockURLProtocol.swift */ = {isa = PBXFileReference; lastKnownFileType = sourcecode.swift; path = MockURLProtocol.swift; sourceTree = "<group>"; };
		8B9F8BA3272D3FCD0059BA16 /* README.md */ = {isa = PBXFileReference; fileEncoding = 4; lastKnownFileType = net.daringfireball.markdown; path = README.md; sourceTree = "<group>"; };
		8B9F8BA5272D40C00059BA16 /* FourSquareClient.swift */ = {isa = PBXFileReference; lastKnownFileType = sourcecode.swift; path = FourSquareClient.swift; sourceTree = "<group>"; };
		8B9F8BA7272D42C50059BA16 /* Constants.swift */ = {isa = PBXFileReference; lastKnownFileType = sourcecode.swift; path = Constants.swift; sourceTree = "<group>"; };
		8B9F8BA9272E9A240059BA16 /* LocationClient.swift */ = {isa = PBXFileReference; lastKnownFileType = sourcecode.swift; path = LocationClient.swift; sourceTree = "<group>"; };
		8BBF2D07272D3C7900F6BDA6 /* CoffeeFinder.app */ = {isa = PBXFileReference; explicitFileType = wrapper.application; includeInIndex = 0; path = CoffeeFinder.app; sourceTree = BUILT_PRODUCTS_DIR; };
		8BBF2D0A272D3C7900F6BDA6 /* CoffeeFinderApp.swift */ = {isa = PBXFileReference; lastKnownFileType = sourcecode.swift; path = CoffeeFinderApp.swift; sourceTree = "<group>"; };
		8BBF2D0C272D3C7900F6BDA6 /* CoffeeFinderView.swift */ = {isa = PBXFileReference; lastKnownFileType = sourcecode.swift; path = CoffeeFinderView.swift; sourceTree = "<group>"; };
		8BBF2D0E272D3C7A00F6BDA6 /* Assets.xcassets */ = {isa = PBXFileReference; lastKnownFileType = folder.assetcatalog; path = Assets.xcassets; sourceTree = "<group>"; };
		8BBF2D11272D3C7A00F6BDA6 /* Preview Assets.xcassets */ = {isa = PBXFileReference; lastKnownFileType = folder.assetcatalog; path = "Preview Assets.xcassets"; sourceTree = "<group>"; };
		8BBF2D17272D3C7A00F6BDA6 /* CoffeeFinderTests.xctest */ = {isa = PBXFileReference; explicitFileType = wrapper.cfbundle; includeInIndex = 0; path = CoffeeFinderTests.xctest; sourceTree = BUILT_PRODUCTS_DIR; };
		8BBF2D1B272D3C7A00F6BDA6 /* CoffeeFinderSnapshotTests.swift */ = {isa = PBXFileReference; lastKnownFileType = sourcecode.swift; path = CoffeeFinderSnapshotTests.swift; sourceTree = "<group>"; };
		8BCC20A8274188C6009AC52E /* CoffeeFinder.xctestplan */ = {isa = PBXFileReference; lastKnownFileType = text; path = CoffeeFinder.xctestplan; sourceTree = "<group>"; };
		8BCC20A9274267DC009AC52E /* CoffeeFinderTests.swift */ = {isa = PBXFileReference; lastKnownFileType = sourcecode.swift; path = CoffeeFinderTests.swift; sourceTree = "<group>"; };
/* End PBXFileReference section */

/* Begin PBXFrameworksBuildPhase section */
		8BBF2D04272D3C7900F6BDA6 /* Frameworks */ = {
			isa = PBXFrameworksBuildPhase;
			buildActionMask = 2147483647;
			files = (
				8B9F8BA2272D3FB80059BA16 /* ComposableArchitecture in Frameworks */,
			);
			runOnlyForDeploymentPostprocessing = 0;
		};
		8BBF2D14272D3C7A00F6BDA6 /* Frameworks */ = {
			isa = PBXFrameworksBuildPhase;
			buildActionMask = 2147483647;
			files = (
				8B5CB2ED274166A700E399BD /* SnapshotTesting in Frameworks */,
			);
			runOnlyForDeploymentPostprocessing = 0;
		};
/* End PBXFrameworksBuildPhase section */

/* Begin PBXGroup section */
		8BBF2CFE272D3C7900F6BDA6 = {
			isa = PBXGroup;
			children = (
				8B9F8BA3272D3FCD0059BA16 /* README.md */,
				8BBF2D09272D3C7900F6BDA6 /* CoffeeFinder */,
				8BBF2D1A272D3C7A00F6BDA6 /* CoffeeFinderTests */,
				8BBF2D08272D3C7900F6BDA6 /* Products */,
			);
			sourceTree = "<group>";
		};
		8BBF2D08272D3C7900F6BDA6 /* Products */ = {
			isa = PBXGroup;
			children = (
				8BBF2D07272D3C7900F6BDA6 /* CoffeeFinder.app */,
				8BBF2D17272D3C7A00F6BDA6 /* CoffeeFinderTests.xctest */,
			);
			name = Products;
			sourceTree = "<group>";
		};
		8BBF2D09272D3C7900F6BDA6 /* CoffeeFinder */ = {
			isa = PBXGroup;
			children = (
				8BBF2D0A272D3C7900F6BDA6 /* CoffeeFinderApp.swift */,
				8BBF2D0C272D3C7900F6BDA6 /* CoffeeFinderView.swift */,
				8B9F8BA5272D40C00059BA16 /* FourSquareClient.swift */,
				8B9F8BA9272E9A240059BA16 /* LocationClient.swift */,
				8B4B9C932742763900491783 /* CLLocation+Mocks.swift */,
				8B9F8BA7272D42C50059BA16 /* Constants.swift */,
				8BBF2D0E272D3C7A00F6BDA6 /* Assets.xcassets */,
				8BBF2D10272D3C7A00F6BDA6 /* Preview Content */,
			);
			path = CoffeeFinder;
			sourceTree = "<group>";
		};
		8BBF2D10272D3C7A00F6BDA6 /* Preview Content */ = {
			isa = PBXGroup;
			children = (
				8BBF2D11272D3C7A00F6BDA6 /* Preview Assets.xcassets */,
			);
			path = "Preview Content";
			sourceTree = "<group>";
		};
		8BBF2D1A272D3C7A00F6BDA6 /* CoffeeFinderTests */ = {
			isa = PBXGroup;
			children = (
				8B4B9C972742D94C00491783 /* Resources */,
				8BCC20A8274188C6009AC52E /* CoffeeFinder.xctestplan */,
				8BBF2D1B272D3C7A00F6BDA6 /* CoffeeFinderSnapshotTests.swift */,
				8BCC20A9274267DC009AC52E /* CoffeeFinderTests.swift */,
				8B4B9C952742D8BF00491783 /* FourSquareClientTests.swift */,
				8B4B9C992742DF9D00491783 /* MockURLProtocol.swift */,
			);
			path = CoffeeFinderTests;
			sourceTree = "<group>";
		};
/* End PBXGroup section */

/* Begin PBXNativeTarget section */
		8BBF2D06272D3C7900F6BDA6 /* CoffeeFinder */ = {
			isa = PBXNativeTarget;
			buildConfigurationList = 8BBF2D2B272D3C7A00F6BDA6 /* Build configuration list for PBXNativeTarget "CoffeeFinder" */;
			buildPhases = (
				8BBF2D03272D3C7900F6BDA6 /* Sources */,
				8BBF2D04272D3C7900F6BDA6 /* Frameworks */,
				8BBF2D05272D3C7900F6BDA6 /* Resources */,
			);
			buildRules = (
			);
			dependencies = (
			);
			name = CoffeeFinder;
			packageProductDependencies = (
				8B9F8BA1272D3FB80059BA16 /* ComposableArchitecture */,
			);
			productName = CoffeFinder;
			productReference = 8BBF2D07272D3C7900F6BDA6 /* CoffeeFinder.app */;
			productType = "com.apple.product-type.application";
		};
		8BBF2D16272D3C7A00F6BDA6 /* CoffeeFinderTests */ = {
			isa = PBXNativeTarget;
			buildConfigurationList = 8BBF2D2E272D3C7A00F6BDA6 /* Build configuration list for PBXNativeTarget "CoffeeFinderTests" */;
			buildPhases = (
				8BBF2D13272D3C7A00F6BDA6 /* Sources */,
				8BBF2D14272D3C7A00F6BDA6 /* Frameworks */,
				8BBF2D15272D3C7A00F6BDA6 /* Resources */,
			);
			buildRules = (
			);
			dependencies = (
				8BBF2D19272D3C7A00F6BDA6 /* PBXTargetDependency */,
			);
			name = CoffeeFinderTests;
			packageProductDependencies = (
				8B5CB2EC274166A700E399BD /* SnapshotTesting */,
			);
			productName = CoffeFinderTests;
			productReference = 8BBF2D17272D3C7A00F6BDA6 /* CoffeeFinderTests.xctest */;
			productType = "com.apple.product-type.bundle.unit-test";
		};
/* End PBXNativeTarget section */

/* Begin PBXProject section */
		8BBF2CFF272D3C7900F6BDA6 /* Project object */ = {
			isa = PBXProject;
			attributes = {
				BuildIndependentTargetsInParallel = 1;
				LastSwiftUpdateCheck = 1320;
				LastUpgradeCheck = 1320;
				TargetAttributes = {
					8BBF2D06272D3C7900F6BDA6 = {
						CreatedOnToolsVersion = 13.2;
					};
					8BBF2D16272D3C7A00F6BDA6 = {
						CreatedOnToolsVersion = 13.2;
						TestTargetID = 8BBF2D06272D3C7900F6BDA6;
					};
				};
			};
			buildConfigurationList = 8BBF2D02272D3C7900F6BDA6 /* Build configuration list for PBXProject "CoffeeFinder" */;
			compatibilityVersion = "Xcode 13.0";
			developmentRegion = en;
			hasScannedForEncodings = 0;
			knownRegions = (
				en,
				Base,
			);
			mainGroup = 8BBF2CFE272D3C7900F6BDA6;
			packageReferences = (
				8B9F8BA0272D3FB80059BA16 /* XCRemoteSwiftPackageReference "swift-composable-architecture" */,
				8B5CB2EB274166A700E399BD /* XCRemoteSwiftPackageReference "swift-snapshot-testing" */,
			);
			productRefGroup = 8BBF2D08272D3C7900F6BDA6 /* Products */;
			projectDirPath = "";
			projectRoot = "";
			targets = (
				8BBF2D06272D3C7900F6BDA6 /* CoffeeFinder */,
				8BBF2D16272D3C7A00F6BDA6 /* CoffeeFinderTests */,
			);
		};
/* End PBXProject section */

/* Begin PBXResourcesBuildPhase section */
		8BBF2D05272D3C7900F6BDA6 /* Resources */ = {
			isa = PBXResourcesBuildPhase;
			buildActionMask = 2147483647;
			files = (
				8B9F8BA4272D3FCD0059BA16 /* README.md in Resources */,
				8BBF2D12272D3C7A00F6BDA6 /* Preview Assets.xcassets in Resources */,
				8BBF2D0F272D3C7A00F6BDA6 /* Assets.xcassets in Resources */,
			);
			runOnlyForDeploymentPostprocessing = 0;
		};
		8BBF2D15272D3C7A00F6BDA6 /* Resources */ = {
			isa = PBXResourcesBuildPhase;
			buildActionMask = 2147483647;
			files = (
				8B4B9C982742D94C00491783 /* Resources in Resources */,
			);
			runOnlyForDeploymentPostprocessing = 0;
		};
/* End PBXResourcesBuildPhase section */

/* Begin PBXSourcesBuildPhase section */
		8BBF2D03272D3C7900F6BDA6 /* Sources */ = {
			isa = PBXSourcesBuildPhase;
			buildActionMask = 2147483647;
			files = (
				8BBF2D0D272D3C7900F6BDA6 /* CoffeeFinderView.swift in Sources */,
				8B9F8BA6272D40C00059BA16 /* FourSquareClient.swift in Sources */,
				8B9F8BAA272E9A240059BA16 /* LocationClient.swift in Sources */,
				8B4B9C942742763900491783 /* CLLocation+Mocks.swift in Sources */,
				8BBF2D0B272D3C7900F6BDA6 /* CoffeeFinderApp.swift in Sources */,
				8B9F8BA8272D42C50059BA16 /* Constants.swift in Sources */,
			);
			runOnlyForDeploymentPostprocessing = 0;
		};
		8BBF2D13272D3C7A00F6BDA6 /* Sources */ = {
			isa = PBXSourcesBuildPhase;
			buildActionMask = 2147483647;
			files = (
				8B4B9C9A2742DF9D00491783 /* MockURLProtocol.swift in Sources */,
				8BBF2D1C272D3C7A00F6BDA6 /* CoffeeFinderSnapshotTests.swift in Sources */,
				8BCC20AA274267DC009AC52E /* CoffeeFinderTests.swift in Sources */,
				8B4B9C962742D8BF00491783 /* FourSquareClientTests.swift in Sources */,
			);
			runOnlyForDeploymentPostprocessing = 0;
		};
/* End PBXSourcesBuildPhase section */

/* Begin PBXTargetDependency section */
		8BBF2D19272D3C7A00F6BDA6 /* PBXTargetDependency */ = {
			isa = PBXTargetDependency;
			target = 8BBF2D06272D3C7900F6BDA6 /* CoffeeFinder */;
			targetProxy = 8BBF2D18272D3C7A00F6BDA6 /* PBXContainerItemProxy */;
		};
/* End PBXTargetDependency section */

/* Begin XCBuildConfiguration section */
		8BBF2D29272D3C7A00F6BDA6 /* Debug */ = {
			isa = XCBuildConfiguration;
			buildSettings = {
				ALWAYS_SEARCH_USER_PATHS = NO;
				CLANG_ANALYZER_NONNULL = YES;
				CLANG_ANALYZER_NUMBER_OBJECT_CONVERSION = YES_AGGRESSIVE;
				CLANG_CXX_LANGUAGE_STANDARD = "gnu++17";
				CLANG_CXX_LIBRARY = "libc++";
				CLANG_ENABLE_MODULES = YES;
				CLANG_ENABLE_OBJC_ARC = YES;
				CLANG_ENABLE_OBJC_WEAK = YES;
				CLANG_WARN_BLOCK_CAPTURE_AUTORELEASING = YES;
				CLANG_WARN_BOOL_CONVERSION = YES;
				CLANG_WARN_COMMA = YES;
				CLANG_WARN_CONSTANT_CONVERSION = YES;
				CLANG_WARN_DEPRECATED_OBJC_IMPLEMENTATIONS = YES;
				CLANG_WARN_DIRECT_OBJC_ISA_USAGE = YES_ERROR;
				CLANG_WARN_DOCUMENTATION_COMMENTS = YES;
				CLANG_WARN_EMPTY_BODY = YES;
				CLANG_WARN_ENUM_CONVERSION = YES;
				CLANG_WARN_INFINITE_RECURSION = YES;
				CLANG_WARN_INT_CONVERSION = YES;
				CLANG_WARN_NON_LITERAL_NULL_CONVERSION = YES;
				CLANG_WARN_OBJC_IMPLICIT_RETAIN_SELF = YES;
				CLANG_WARN_OBJC_LITERAL_CONVERSION = YES;
				CLANG_WARN_OBJC_ROOT_CLASS = YES_ERROR;
				CLANG_WARN_QUOTED_INCLUDE_IN_FRAMEWORK_HEADER = YES;
				CLANG_WARN_RANGE_LOOP_ANALYSIS = YES;
				CLANG_WARN_STRICT_PROTOTYPES = YES;
				CLANG_WARN_SUSPICIOUS_MOVE = YES;
				CLANG_WARN_UNGUARDED_AVAILABILITY = YES_AGGRESSIVE;
				CLANG_WARN_UNREACHABLE_CODE = YES;
				CLANG_WARN__DUPLICATE_METHOD_MATCH = YES;
				COPY_PHASE_STRIP = NO;
				DEBUG_INFORMATION_FORMAT = dwarf;
				ENABLE_STRICT_OBJC_MSGSEND = YES;
				ENABLE_TESTABILITY = YES;
				GCC_C_LANGUAGE_STANDARD = gnu11;
				GCC_DYNAMIC_NO_PIC = NO;
				GCC_NO_COMMON_BLOCKS = YES;
				GCC_OPTIMIZATION_LEVEL = 0;
				GCC_PREPROCESSOR_DEFINITIONS = (
					"DEBUG=1",
					"$(inherited)",
				);
				GCC_WARN_64_TO_32_BIT_CONVERSION = YES;
				GCC_WARN_ABOUT_RETURN_TYPE = YES_ERROR;
				GCC_WARN_UNDECLARED_SELECTOR = YES;
				GCC_WARN_UNINITIALIZED_AUTOS = YES_AGGRESSIVE;
				GCC_WARN_UNUSED_FUNCTION = YES;
				GCC_WARN_UNUSED_VARIABLE = YES;
				IPHONEOS_DEPLOYMENT_TARGET = 15.2;
				MTL_ENABLE_DEBUG_INFO = INCLUDE_SOURCE;
				MTL_FAST_MATH = YES;
				ONLY_ACTIVE_ARCH = YES;
				SDKROOT = iphoneos;
				SWIFT_ACTIVE_COMPILATION_CONDITIONS = DEBUG;
				SWIFT_OPTIMIZATION_LEVEL = "-Onone";
			};
			name = Debug;
		};
		8BBF2D2A272D3C7A00F6BDA6 /* Release */ = {
			isa = XCBuildConfiguration;
			buildSettings = {
				ALWAYS_SEARCH_USER_PATHS = NO;
				CLANG_ANALYZER_NONNULL = YES;
				CLANG_ANALYZER_NUMBER_OBJECT_CONVERSION = YES_AGGRESSIVE;
				CLANG_CXX_LANGUAGE_STANDARD = "gnu++17";
				CLANG_CXX_LIBRARY = "libc++";
				CLANG_ENABLE_MODULES = YES;
				CLANG_ENABLE_OBJC_ARC = YES;
				CLANG_ENABLE_OBJC_WEAK = YES;
				CLANG_WARN_BLOCK_CAPTURE_AUTORELEASING = YES;
				CLANG_WARN_BOOL_CONVERSION = YES;
				CLANG_WARN_COMMA = YES;
				CLANG_WARN_CONSTANT_CONVERSION = YES;
				CLANG_WARN_DEPRECATED_OBJC_IMPLEMENTATIONS = YES;
				CLANG_WARN_DIRECT_OBJC_ISA_USAGE = YES_ERROR;
				CLANG_WARN_DOCUMENTATION_COMMENTS = YES;
				CLANG_WARN_EMPTY_BODY = YES;
				CLANG_WARN_ENUM_CONVERSION = YES;
				CLANG_WARN_INFINITE_RECURSION = YES;
				CLANG_WARN_INT_CONVERSION = YES;
				CLANG_WARN_NON_LITERAL_NULL_CONVERSION = YES;
				CLANG_WARN_OBJC_IMPLICIT_RETAIN_SELF = YES;
				CLANG_WARN_OBJC_LITERAL_CONVERSION = YES;
				CLANG_WARN_OBJC_ROOT_CLASS = YES_ERROR;
				CLANG_WARN_QUOTED_INCLUDE_IN_FRAMEWORK_HEADER = YES;
				CLANG_WARN_RANGE_LOOP_ANALYSIS = YES;
				CLANG_WARN_STRICT_PROTOTYPES = YES;
				CLANG_WARN_SUSPICIOUS_MOVE = YES;
				CLANG_WARN_UNGUARDED_AVAILABILITY = YES_AGGRESSIVE;
				CLANG_WARN_UNREACHABLE_CODE = YES;
				CLANG_WARN__DUPLICATE_METHOD_MATCH = YES;
				COPY_PHASE_STRIP = NO;
				DEBUG_INFORMATION_FORMAT = "dwarf-with-dsym";
				ENABLE_NS_ASSERTIONS = NO;
				ENABLE_STRICT_OBJC_MSGSEND = YES;
				GCC_C_LANGUAGE_STANDARD = gnu11;
				GCC_NO_COMMON_BLOCKS = YES;
				GCC_WARN_64_TO_32_BIT_CONVERSION = YES;
				GCC_WARN_ABOUT_RETURN_TYPE = YES_ERROR;
				GCC_WARN_UNDECLARED_SELECTOR = YES;
				GCC_WARN_UNINITIALIZED_AUTOS = YES_AGGRESSIVE;
				GCC_WARN_UNUSED_FUNCTION = YES;
				GCC_WARN_UNUSED_VARIABLE = YES;
				IPHONEOS_DEPLOYMENT_TARGET = 15.2;
				MTL_ENABLE_DEBUG_INFO = NO;
				MTL_FAST_MATH = YES;
				SDKROOT = iphoneos;
				SWIFT_COMPILATION_MODE = wholemodule;
				SWIFT_OPTIMIZATION_LEVEL = "-O";
				VALIDATE_PRODUCT = YES;
			};
			name = Release;
		};
		8BBF2D2C272D3C7A00F6BDA6 /* Debug */ = {
			isa = XCBuildConfiguration;
			buildSettings = {
				ASSETCATALOG_COMPILER_APPICON_NAME = AppIcon;
				ASSETCATALOG_COMPILER_GLOBAL_ACCENT_COLOR_NAME = AccentColor;
				CODE_SIGN_IDENTITY = "Apple Development";
				CODE_SIGN_STYLE = Automatic;
				CURRENT_PROJECT_VERSION = 1;
				DEVELOPMENT_ASSET_PATHS = "\"CoffeeFinder/Preview Content\"";
				DEVELOPMENT_TEAM = BR6WD3M6ZD;
				ENABLE_PREVIEWS = YES;
				GENERATE_INFOPLIST_FILE = YES;
				INFOPLIST_KEY_NSLocationWhenInUseUsageDescription = "Find coffee shops near your location";
				INFOPLIST_KEY_UIApplicationSceneManifest_Generation = YES;
				INFOPLIST_KEY_UIApplicationSupportsIndirectInputEvents = YES;
				INFOPLIST_KEY_UILaunchScreen_Generation = YES;
				INFOPLIST_KEY_UISupportedInterfaceOrientations_iPad = "UIInterfaceOrientationPortrait UIInterfaceOrientationPortraitUpsideDown UIInterfaceOrientationLandscapeLeft UIInterfaceOrientationLandscapeRight";
				INFOPLIST_KEY_UISupportedInterfaceOrientations_iPhone = "UIInterfaceOrientationPortrait UIInterfaceOrientationLandscapeLeft UIInterfaceOrientationLandscapeRight";
				IPHONEOS_DEPLOYMENT_TARGET = 15.1;
				LD_RUNPATH_SEARCH_PATHS = (
					"$(inherited)",
					"@executable_path/Frameworks",
				);
				MARKETING_VERSION = 1.0;
				PRODUCT_BUNDLE_IDENTIFIER = com.cameroncooke.MyCoffeeFinder;
				PRODUCT_NAME = "$(TARGET_NAME)";
				PROVISIONING_PROFILE_SPECIFIER = "";
				SWIFT_EMIT_LOC_STRINGS = YES;
				SWIFT_VERSION = 5.0;
				TARGETED_DEVICE_FAMILY = "1,2";
			};
			name = Debug;
		};
		8BBF2D2D272D3C7A00F6BDA6 /* Release */ = {
			isa = XCBuildConfiguration;
			buildSettings = {
				ASSETCATALOG_COMPILER_APPICON_NAME = AppIcon;
				ASSETCATALOG_COMPILER_GLOBAL_ACCENT_COLOR_NAME = AccentColor;
				CODE_SIGN_IDENTITY = "Apple Development";
				CODE_SIGN_STYLE = Automatic;
				CURRENT_PROJECT_VERSION = 1;
				DEVELOPMENT_ASSET_PATHS = "\"CoffeeFinder/Preview Content\"";
				DEVELOPMENT_TEAM = BR6WD3M6ZD;
				ENABLE_PREVIEWS = YES;
				GENERATE_INFOPLIST_FILE = YES;
				INFOPLIST_KEY_NSLocationWhenInUseUsageDescription = "Find coffee shops near your location";
				INFOPLIST_KEY_UIApplicationSceneManifest_Generation = YES;
				INFOPLIST_KEY_UIApplicationSupportsIndirectInputEvents = YES;
				INFOPLIST_KEY_UILaunchScreen_Generation = YES;
				INFOPLIST_KEY_UISupportedInterfaceOrientations_iPad = "UIInterfaceOrientationPortrait UIInterfaceOrientationPortraitUpsideDown UIInterfaceOrientationLandscapeLeft UIInterfaceOrientationLandscapeRight";
				INFOPLIST_KEY_UISupportedInterfaceOrientations_iPhone = "UIInterfaceOrientationPortrait UIInterfaceOrientationLandscapeLeft UIInterfaceOrientationLandscapeRight";
				IPHONEOS_DEPLOYMENT_TARGET = 15.1;
				LD_RUNPATH_SEARCH_PATHS = (
					"$(inherited)",
					"@executable_path/Frameworks",
				);
				MARKETING_VERSION = 1.0;
				PRODUCT_BUNDLE_IDENTIFIER = com.cameroncooke.MyCoffeeFinder;
				PRODUCT_NAME = "$(TARGET_NAME)";
				PROVISIONING_PROFILE_SPECIFIER = "";
				SWIFT_EMIT_LOC_STRINGS = YES;
				SWIFT_VERSION = 5.0;
				TARGETED_DEVICE_FAMILY = "1,2";
			};
			name = Release;
		};
		8BBF2D2F272D3C7A00F6BDA6 /* Debug */ = {
			isa = XCBuildConfiguration;
			buildSettings = {
				ALWAYS_EMBED_SWIFT_STANDARD_LIBRARIES = YES;
				BUNDLE_LOADER = "$(TEST_HOST)";
				CODE_SIGN_STYLE = Automatic;
				CURRENT_PROJECT_VERSION = 1;
				DEVELOPMENT_TEAM = BR6WD3M6ZD;
				GENERATE_INFOPLIST_FILE = YES;
				IPHONEOS_DEPLOYMENT_TARGET = 15.2;
				MARKETING_VERSION = 1.0;
				PRODUCT_BUNDLE_IDENTIFIER = com.cameroncooke.CoffeFinderTests;
				PRODUCT_NAME = "$(TARGET_NAME)";
				SWIFT_EMIT_LOC_STRINGS = NO;
				SWIFT_VERSION = 5.0;
				TARGETED_DEVICE_FAMILY = "1,2";
				TEST_HOST = "$(BUILT_PRODUCTS_DIR)/CoffeeFinder.app/CoffeeFinder";
			};
			name = Debug;
		};
		8BBF2D30272D3C7A00F6BDA6 /* Release */ = {
			isa = XCBuildConfiguration;
			buildSettings = {
				ALWAYS_EMBED_SWIFT_STANDARD_LIBRARIES = YES;
				BUNDLE_LOADER = "$(TEST_HOST)";
				CODE_SIGN_STYLE = Automatic;
				CURRENT_PROJECT_VERSION = 1;
				DEVELOPMENT_TEAM = BR6WD3M6ZD;
				GENERATE_INFOPLIST_FILE = YES;
				IPHONEOS_DEPLOYMENT_TARGET = 15.2;
				MARKETING_VERSION = 1.0;
				PRODUCT_BUNDLE_IDENTIFIER = com.cameroncooke.CoffeFinderTests;
				PRODUCT_NAME = "$(TARGET_NAME)";
				SWIFT_EMIT_LOC_STRINGS = NO;
				SWIFT_VERSION = 5.0;
				TARGETED_DEVICE_FAMILY = "1,2";
				TEST_HOST = "$(BUILT_PRODUCTS_DIR)/CoffeeFinder.app/CoffeeFinder";
			};
			name = Release;
		};
/* End XCBuildConfiguration section */

/* Begin XCConfigurationList section */
		8BBF2D02272D3C7900F6BDA6 /* Build configuration list for PBXProject "CoffeeFinder" */ = {
			isa = XCConfigurationList;
			buildConfigurations = (
				8BBF2D29272D3C7A00F6BDA6 /* Debug */,
				8BBF2D2A272D3C7A00F6BDA6 /* Release */,
			);
			defaultConfigurationIsVisible = 0;
			defaultConfigurationName = Release;
		};
		8BBF2D2B272D3C7A00F6BDA6 /* Build configuration list for PBXNativeTarget "CoffeeFinder" */ = {
			isa = XCConfigurationList;
			buildConfigurations = (
				8BBF2D2C272D3C7A00F6BDA6 /* Debug */,
				8BBF2D2D272D3C7A00F6BDA6 /* Release */,
			);
			defaultConfigurationIsVisible = 0;
			defaultConfigurationName = Release;
		};
		8BBF2D2E272D3C7A00F6BDA6 /* Build configuration list for PBXNativeTarget "CoffeeFinderTests" */ = {
			isa = XCConfigurationList;
			buildConfigurations = (
				8BBF2D2F272D3C7A00F6BDA6 /* Debug */,
				8BBF2D30272D3C7A00F6BDA6 /* Release */,
			);
			defaultConfigurationIsVisible = 0;
			defaultConfigurationName = Release;
		};
/* End XCConfigurationList section */

/* Begin XCRemoteSwiftPackageReference section */
		8B5CB2EB274166A700E399BD /* XCRemoteSwiftPackageReference "swift-snapshot-testing" */ = {
			isa = XCRemoteSwiftPackageReference;
			repositoryURL = "https://github.com/pointfreeco/swift-snapshot-testing";
			requirement = {
				kind = upToNextMajorVersion;
				minimumVersion = 1.0.0;
			};
		};
		8B9F8BA0272D3FB80059BA16 /* XCRemoteSwiftPackageReference "swift-composable-architecture" */ = {
			isa = XCRemoteSwiftPackageReference;
			repositoryURL = "https://github.com/pointfreeco/swift-composable-architecture.git";
			requirement = {
				kind = upToNextMajorVersion;
				minimumVersion = 0.9.0;
			};
		};
/* End XCRemoteSwiftPackageReference section */

/* Begin XCSwiftPackageProductDependency section */
		8B5CB2EC274166A700E399BD /* SnapshotTesting */ = {
			isa = XCSwiftPackageProductDependency;
			package = 8B5CB2EB274166A700E399BD /* XCRemoteSwiftPackageReference "swift-snapshot-testing" */;
			productName = SnapshotTesting;
		};
		8B9F8BA1272D3FB80059BA16 /* ComposableArchitecture */ = {
			isa = XCSwiftPackageProductDependency;
			package = 8B9F8BA0272D3FB80059BA16 /* XCRemoteSwiftPackageReference "swift-composable-architecture" */;
			productName = ComposableArchitecture;
		};
/* End XCSwiftPackageProductDependency section */
	};
	rootObject = 8BBF2CFF272D3C7900F6BDA6 /* Project object */;
}
